{
  "name": "@snk/types",
  "version": "1.0.0",
  "lockfileVersion": 3,
  "requires": true,
  "packages": {
    "": {
      "name": "@snk/types",
      "version": "1.0.0",
      "dependencies": {
        "@snk/types": "file:"
      },
      "devDependencies": {
        "park-miller": "1.1.0"
      }
    },
    "node_modules/@snk/types": {
      "resolved": "",
      "link": true
    },
    "node_modules/park-miller": {
      "version": "1.1.0",
      "resolved": "https://registry.npmjs.org/park-miller/-/park-miller-1.1.0.tgz",
      "integrity": "sha512-6mLXc2jkM9dcavPoxDHfof2QM/baCsrgK51iHbJDHl94AwymJv2Z/iGKQVwJMWUAXFiIV6FzY9UskjU3+KvLuA==",
      "dev": true,
      "engines": {
        "node": ">=6"
      }
    }
  }
}
