{
  "name": "@snk/github-user-contribution",
  "version": "1.0.0",
  "lockfileVersion": 3,
  "requires": true,
  "packages": {
    "": {
      "name": "@snk/github-user-contribution",
      "version": "1.0.0",
      "dependencies": {
        "@snk/github-user-contribution": "file:"
      }
    },
    "node_modules/@snk/github-user-contribution": {
      "resolved": "",
      "link": true
    }
  }
}
